
Microsoft Visual Studio Solution File, Format Version 12.00
# Visual Studio Version 17
VisualStudioVersion = 17.6.33829.357
MinimumVisualStudioVersion = 10.0.40219.1
Project("{FAE04EC0-301F-11D3-BF4B-00C04F79EFBC}") = "Pascal's Triangle", "Pascal's Triangle\Pascal's Triangle.csproj", "{6B3D7B50-55CD-454A-BAEB-5989CA818792}"
EndProject
Global
	GlobalSection(SolutionConfigurationPlatforms) = preSolution
		Debug|Any CPU = Debug|Any CPU
		Release|Any CPU = Release|Any CPU
	EndGlobalSection
	GlobalSection(ProjectConfigurationPlatforms) = postSolution
		{6B3D7B50-55CD-454A-BAEB-5989CA818792}.Debug|Any CPU.ActiveCfg = Debug|Any CPU
		{6B3D7B50-55CD-454A-BAEB-5989CA818792}.Debug|Any CPU.Build.0 = Debug|Any CPU
		{6B3D7B50-55CD-454A-BAEB-5989CA818792}.Release|Any CPU.ActiveCfg = Release|Any CPU
		{6B3D7B50-55CD-454A-BAEB-5989CA818792}.Release|Any CPU.Build.0 = Release|Any CPU
	EndGlobalSection
	GlobalSection(SolutionProperties) = preSolution
		HideSolutionNode = FALSE
	EndGlobalSection
	GlobalSection(ExtensibilityGlobals) = postSolution
		SolutionGuid = {9B3295B4-0C97-4FAF-AA99-11BE33DFC465}
	EndGlobalSection
EndGlobal
